
Microsoft Visual Studio Solution File, Format Version 12.00
# Visual Studio 15
VisualStudioVersion = 15.0.26430.6
MinimumVisualStudioVersion = 10.0.40219.1
Project("{9A19103F-16F7-4668-BE54-9A1E7A4F7556}") = "Ruzzie.Mtg.Core", "Ruzzie.Mtg.Core\Ruzzie.Mtg.Core.csproj", "{5956E948-3734-42A4-8F6E-CAB027388F32}"
EndProject
Project("{9A19103F-16F7-4668-BE54-9A1E7A4F7556}") = "Ruzzie.Mtg.Core.UnitTests", "Ruzzie.Mtg.Core.UnitTests\Ruzzie.Mtg.Core.UnitTests.csproj", "{68C69C27-B3A5-4714-B5CE-B2E4E5A5F9AB}"
EndProject
Global
	GlobalSection(SolutionConfigurationPlatforms) = preSolution
		Debug|Any CPU = Debug|Any CPU
		Release|Any CPU = Release|Any CPU
	EndGlobalSection
	GlobalSection(ProjectConfigurationPlatforms) = postSolution
		{5956E948-3734-42A4-8F6E-CAB027388F32}.Debug|Any CPU.ActiveCfg = Debug|Any CPU
		{5956E948-3734-42A4-8F6E-CAB027388F32}.Debug|Any CPU.Build.0 = Debug|Any CPU
		{5956E948-3734-42A4-8F6E-CAB027388F32}.Release|Any CPU.ActiveCfg = Release|Any CPU
		{5956E948-3734-42A4-8F6E-CAB027388F32}.Release|Any CPU.Build.0 = Release|Any CPU
		{68C69C27-B3A5-4714-B5CE-B2E4E5A5F9AB}.Debug|Any CPU.ActiveCfg = Debug|Any CPU
		{68C69C27-B3A5-4714-B5CE-B2E4E5A5F9AB}.Debug|Any CPU.Build.0 = Debug|Any CPU
		{68C69C27-B3A5-4714-B5CE-B2E4E5A5F9AB}.Release|Any CPU.ActiveCfg = Release|Any CPU
		{68C69C27-B3A5-4714-B5CE-B2E4E5A5F9AB}.Release|Any CPU.Build.0 = Release|Any CPU
	EndGlobalSection
	GlobalSection(SolutionProperties) = preSolution
		HideSolutionNode = FALSE
	EndGlobalSection
	GlobalSection(ExtensibilityGlobals) = postSolution
		SolutionGuid = {D25EE41D-6434-4D0F-A7BA-99F33D6AF986}
	EndGlobalSection
EndGlobal
